// !$*UTF8*$!
{
	archiveVersion = 1;
	classes = {
	};
	objectVersion = 56;
	objects = {

/* Begin PBXBuildFile section */
		C83A4AED2A00EE1E00E156EF /* Bubble.swift in Sources */ = {isa = PBXBuildFile; fileRef = C83A4AEC2A00EE1E00E156EF /* Bubble.swift */; };
		C83A4AEF2A00F62900E156EF /* GameScore.swift in Sources */ = {isa = PBXBuildFile; fileRef = C83A4AEE2A00F62900E156EF /* GameScore.swift */; };
		C8B2918629DBA2EB0075E1AC /* AppDelegate.swift in Sources */ = {isa = PBXBuildFile; fileRef = C8B2918529DBA2EB0075E1AC /* AppDelegate.swift */; };
		C8B2918829DBA2EB0075E1AC /* SceneDelegate.swift in Sources */ = {isa = PBXBuildFile; fileRef = C8B2918729DBA2EB0075E1AC /* SceneDelegate.swift */; };
		C8B2918A29DBA2EB0075E1AC /* ViewController.swift in Sources */ = {isa = PBXBuildFile; fileRef = C8B2918929DBA2EB0075E1AC /* ViewController.swift */; };
		C8B2918D29DBA2EB0075E1AC /* Main.storyboard in Resources */ = {isa = PBXBuildFile; fileRef = C8B2918B29DBA2EB0075E1AC /* Main.storyboard */; };
		C8B2918F29DBA2EC0075E1AC /* Assets.xcassets in Resources */ = {isa = PBXBuildFile; fileRef = C8B2918E29DBA2EC0075E1AC /* Assets.xcassets */; };
		C8B2919229DBA2EC0075E1AC /* LaunchScreen.storyboard in Resources */ = {isa = PBXBuildFile; fileRef = C8B2919029DBA2EC0075E1AC /* LaunchScreen.storyboard */; };
		C8B2919D29DBA2EC0075E1AC /* bubbleAssignmentTests.swift in Sources */ = {isa = PBXBuildFile; fileRef = C8B2919C29DBA2EC0075E1AC /* bubbleAssignmentTests.swift */; };
		C8B291A729DBA2EC0075E1AC /* bubbleAssignmentUITests.swift in Sources */ = {isa = PBXBuildFile; fileRef = C8B291A629DBA2EC0075E1AC /* bubbleAssignmentUITests.swift */; };
		C8B291A929DBA2EC0075E1AC /* bubbleAssignmentUITestsLaunchTests.swift in Sources */ = {isa = PBXBuildFile; fileRef = C8B291A829DBA2EC0075E1AC /* bubbleAssignmentUITestsLaunchTests.swift */; };
		C8B291B729DBA4330075E1AC /* SettingsViewController.swift in Sources */ = {isa = PBXBuildFile; fileRef = C8B291B629DBA4330075E1AC /* SettingsViewController.swift */; };
		C8B291B929DBA43F0075E1AC /* HighScoreViewController.swift in Sources */ = {isa = PBXBuildFile; fileRef = C8B291B829DBA43F0075E1AC /* HighScoreViewController.swift */; };
		C8B291BB29DBA4500075E1AC /* GameViewController.swift in Sources */ = {isa = PBXBuildFile; fileRef = C8B291BA29DBA4500075E1AC /* GameViewController.swift */; };
		C8C26C652A0220D600BBE909 /* BubbleManager.swift in Sources */ = {isa = PBXBuildFile; fileRef = C8C26C642A0220D600BBE909 /* BubbleManager.swift */; };
		C8C26C692A0284B700BBE909 /* HighScoreManager.swift in Sources */ = {isa = PBXBuildFile; fileRef = C8C26C682A0284B700BBE909 /* HighScoreManager.swift */; };
		C8DE0B6C2A052FCC0041C402 /* ErrorEnums.swift in Sources */ = {isa = PBXBuildFile; fileRef = C8DE0B6B2A052FCC0041C402 /* ErrorEnums.swift */; };
/* End PBXBuildFile section */

/* Begin PBXContainerItemProxy section */
		C8B2919929DBA2EC0075E1AC /* PBXContainerItemProxy */ = {
			isa = PBXContainerItemProxy;
			containerPortal = C8B2917A29DBA2EB0075E1AC /* Project object */;
			proxyType = 1;
			remoteGlobalIDString = C8B2918129DBA2EB0075E1AC;
			remoteInfo = bubbleAssignment;
		};
		C8B291A329DBA2EC0075E1AC /* PBXContainerItemProxy */ = {
			isa = PBXContainerItemProxy;
			containerPortal = C8B2917A29DBA2EB0075E1AC /* Project object */;
			proxyType = 1;
			remoteGlobalIDString = C8B2918129DBA2EB0075E1AC;
			remoteInfo = bubbleAssignment;
		};
/* End PBXContainerItemProxy section */

/* Begin PBXFileReference section */
		C83A4AEC2A00EE1E00E156EF /* Bubble.swift */ = {isa = PBXFileReference; lastKnownFileType = sourcecode.swift; path = Bubble.swift; sourceTree = "<group>"; };
		C83A4AEE2A00F62900E156EF /* GameScore.swift */ = {isa = PBXFileReference; lastKnownFileType = sourcecode.swift; path = GameScore.swift; sourceTree = "<group>"; };
		C8B2918229DBA2EB0075E1AC /* bubbleAssignment.app */ = {isa = PBXFileReference; explicitFileType = wrapper.application; includeInIndex = 0; path = bubbleAssignment.app; sourceTree = BUILT_PRODUCTS_DIR; };
		C8B2918529DBA2EB0075E1AC /* AppDelegate.swift */ = {isa = PBXFileReference; lastKnownFileType = sourcecode.swift; path = AppDelegate.swift; sourceTree = "<group>"; };
		C8B2918729DBA2EB0075E1AC /* SceneDelegate.swift */ = {isa = PBXFileReference; lastKnownFileType = sourcecode.swift; path = SceneDelegate.swift; sourceTree = "<group>"; };
		C8B2918929DBA2EB0075E1AC /* ViewController.swift */ = {isa = PBXFileReference; lastKnownFileType = sourcecode.swift; path = ViewController.swift; sourceTree = "<group>"; };
		C8B2918C29DBA2EB0075E1AC /* Base */ = {isa = PBXFileReference; lastKnownFileType = file.storyboard; name = Base; path = Base.lproj/Main.storyboard; sourceTree = "<group>"; };
		C8B2918E29DBA2EC0075E1AC /* Assets.xcassets */ = {isa = PBXFileReference; lastKnownFileType = folder.assetcatalog; path = Assets.xcassets; sourceTree = "<group>"; };
		C8B2919129DBA2EC0075E1AC /* Base */ = {isa = PBXFileReference; lastKnownFileType = file.storyboard; name = Base; path = Base.lproj/LaunchScreen.storyboard; sourceTree = "<group>"; };
		C8B2919329DBA2EC0075E1AC /* Info.plist */ = {isa = PBXFileReference; lastKnownFileType = text.plist.xml; path = Info.plist; sourceTree = "<group>"; };
		C8B2919829DBA2EC0075E1AC /* bubbleAssignmentTests.xctest */ = {isa = PBXFileReference; explicitFileType = wrapper.cfbundle; includeInIndex = 0; path = bubbleAssignmentTests.xctest; sourceTree = BUILT_PRODUCTS_DIR; };
		C8B2919C29DBA2EC0075E1AC /* bubbleAssignmentTests.swift */ = {isa = PBXFileReference; lastKnownFileType = sourcecode.swift; path = bubbleAssignmentTests.swift; sourceTree = "<group>"; };
		C8B291A229DBA2EC0075E1AC /* bubbleAssignmentUITests.xctest */ = {isa = PBXFileReference; explicitFileType = wrapper.cfbundle; includeInIndex = 0; path = bubbleAssignmentUITests.xctest; sourceTree = BUILT_PRODUCTS_DIR; };
		C8B291A629DBA2EC0075E1AC /* bubbleAssignmentUITests.swift */ = {isa = PBXFileReference; lastKnownFileType = sourcecode.swift; path = bubbleAssignmentUITests.swift; sourceTree = "<group>"; };
		C8B291A829DBA2EC0075E1AC /* bubbleAssignmentUITestsLaunchTests.swift */ = {isa = PBXFileReference; lastKnownFileType = sourcecode.swift; path = bubbleAssignmentUITestsLaunchTests.swift; sourceTree = "<group>"; };
		C8B291B629DBA4330075E1AC /* SettingsViewController.swift */ = {isa = PBXFileReference; lastKnownFileType = sourcecode.swift; path = SettingsViewController.swift; sourceTree = "<group>"; };
		C8B291B829DBA43F0075E1AC /* HighScoreViewController.swift */ = {isa = PBXFileReference; lastKnownFileType = sourcecode.swift; path = HighScoreViewController.swift; sourceTree = "<group>"; };
		C8B291BA29DBA4500075E1AC /* GameViewController.swift */ = {isa = PBXFileReference; lastKnownFileType = sourcecode.swift; path = GameViewController.swift; sourceTree = "<group>"; };
		C8C26C642A0220D600BBE909 /* BubbleManager.swift */ = {isa = PBXFileReference; lastKnownFileType = sourcecode.swift; path = BubbleManager.swift; sourceTree = "<group>"; };
		C8C26C682A0284B700BBE909 /* HighScoreManager.swift */ = {isa = PBXFileReference; lastKnownFileType = sourcecode.swift; path = HighScoreManager.swift; sourceTree = "<group>"; };
		C8DE0B6B2A052FCC0041C402 /* ErrorEnums.swift */ = {isa = PBXFileReference; lastKnownFileType = sourcecode.swift; path = ErrorEnums.swift; sourceTree = "<group>"; };
/* End PBXFileReference section */

/* Begin PBXFrameworksBuildPhase section */
		C8B2917F29DBA2EB0075E1AC /* Frameworks */ = {
			isa = PBXFrameworksBuildPhase;
			buildActionMask = 2147483647;
			files = (
			);
			runOnlyForDeploymentPostprocessing = 0;
		};
		C8B2919529DBA2EC0075E1AC /* Frameworks */ = {
			isa = PBXFrameworksBuildPhase;
			buildActionMask = 2147483647;
			files = (
			);
			runOnlyForDeploymentPostprocessing = 0;
		};
		C8B2919F29DBA2EC0075E1AC /* Frameworks */ = {
			isa = PBXFrameworksBuildPhase;
			buildActionMask = 2147483647;
			files = (
			);
			runOnlyForDeploymentPostprocessing = 0;
		};
/* End PBXFrameworksBuildPhase section */

/* Begin PBXGroup section */
		C83A4AEB2A00EDB500E156EF /* Models */ = {
			isa = PBXGroup;
			children = (
				C83A4AEC2A00EE1E00E156EF /* Bubble.swift */,
				C8DE0B6B2A052FCC0041C402 /* ErrorEnums.swift */,
				C83A4AEE2A00F62900E156EF /* GameScore.swift */,
				C8C26C642A0220D600BBE909 /* BubbleManager.swift */,
				C8C26C682A0284B700BBE909 /* HighScoreManager.swift */,
			);
			path = Models;
			sourceTree = "<group>";
		};
		C8B2917929DBA2EB0075E1AC = {
			isa = PBXGroup;
			children = (
				C83A4AEB2A00EDB500E156EF /* Models */,
				C8B291BC29DBA45C0075E1AC /* Navigation Controllers */,
				C8B291B529DBA4040075E1AC /* Controllers */,
				C8B2918429DBA2EB0075E1AC /* bubbleAssignment */,
				C8B2919B29DBA2EC0075E1AC /* bubbleAssignmentTests */,
				C8B291A529DBA2EC0075E1AC /* bubbleAssignmentUITests */,
				C8B2918329DBA2EB0075E1AC /* Products */,
			);
			sourceTree = "<group>";
		};
		C8B2918329DBA2EB0075E1AC /* Products */ = {
			isa = PBXGroup;
			children = (
				C8B2918229DBA2EB0075E1AC /* bubbleAssignment.app */,
				C8B2919829DBA2EC0075E1AC /* bubbleAssignmentTests.xctest */,
				C8B291A229DBA2EC0075E1AC /* bubbleAssignmentUITests.xctest */,
			);
			name = Products;
			sourceTree = "<group>";
		};
		C8B2918429DBA2EB0075E1AC /* bubbleAssignment */ = {
			isa = PBXGroup;
			children = (
				C8B2918B29DBA2EB0075E1AC /* Main.storyboard */,
				C8B2918E29DBA2EC0075E1AC /* Assets.xcassets */,
				C8B2919029DBA2EC0075E1AC /* LaunchScreen.storyboard */,
				C8B2919329DBA2EC0075E1AC /* Info.plist */,
			);
			path = bubbleAssignment;
			sourceTree = "<group>";
		};
		C8B2919B29DBA2EC0075E1AC /* bubbleAssignmentTests */ = {
			isa = PBXGroup;
			children = (
				C8B2919C29DBA2EC0075E1AC /* bubbleAssignmentTests.swift */,
			);
			path = bubbleAssignmentTests;
			sourceTree = "<group>";
		};
		C8B291A529DBA2EC0075E1AC /* bubbleAssignmentUITests */ = {
			isa = PBXGroup;
			children = (
				C8B291A629DBA2EC0075E1AC /* bubbleAssignmentUITests.swift */,
				C8B291A829DBA2EC0075E1AC /* bubbleAssignmentUITestsLaunchTests.swift */,
			);
			path = bubbleAssignmentUITests;
			sourceTree = "<group>";
		};
		C8B291B529DBA4040075E1AC /* Controllers */ = {
			isa = PBXGroup;
			children = (
				C8B2918929DBA2EB0075E1AC /* ViewController.swift */,
				C8B291B629DBA4330075E1AC /* SettingsViewController.swift */,
				C8B291B829DBA43F0075E1AC /* HighScoreViewController.swift */,
				C8B291BA29DBA4500075E1AC /* GameViewController.swift */,
			);
			path = Controllers;
			sourceTree = "<group>";
		};
		C8B291BC29DBA45C0075E1AC /* Navigation Controllers */ = {
			isa = PBXGroup;
			children = (
				C8B2918529DBA2EB0075E1AC /* AppDelegate.swift */,
				C8B2918729DBA2EB0075E1AC /* SceneDelegate.swift */,
			);
			path = "Navigation Controllers";
			sourceTree = "<group>";
		};
/* End PBXGroup section */

/* Begin PBXNativeTarget section */
		C8B2918129DBA2EB0075E1AC /* bubbleAssignment */ = {
			isa = PBXNativeTarget;
			buildConfigurationList = C8B291AC29DBA2EC0075E1AC /* Build configuration list for PBXNativeTarget "bubbleAssignment" */;
			buildPhases = (
				C8B2917E29DBA2EB0075E1AC /* Sources */,
				C8B2917F29DBA2EB0075E1AC /* Frameworks */,
				C8B2918029DBA2EB0075E1AC /* Resources */,
			);
			buildRules = (
			);
			dependencies = (
			);
			name = bubbleAssignment;
			productName = bubbleAssignment;
			productReference = C8B2918229DBA2EB0075E1AC /* bubbleAssignment.app */;
			productType = "com.apple.product-type.application";
		};
		C8B2919729DBA2EC0075E1AC /* bubbleAssignmentTests */ = {
			isa = PBXNativeTarget;
			buildConfigurationList = C8B291AF29DBA2EC0075E1AC /* Build configuration list for PBXNativeTarget "bubbleAssignmentTests" */;
			buildPhases = (
				C8B2919429DBA2EC0075E1AC /* Sources */,
				C8B2919529DBA2EC0075E1AC /* Frameworks */,
				C8B2919629DBA2EC0075E1AC /* Resources */,
			);
			buildRules = (
			);
			dependencies = (
				C8B2919A29DBA2EC0075E1AC /* PBXTargetDependency */,
			);
			name = bubbleAssignmentTests;
			productName = bubbleAssignmentTests;
			productReference = C8B2919829DBA2EC0075E1AC /* bubbleAssignmentTests.xctest */;
			productType = "com.apple.product-type.bundle.unit-test";
		};
		C8B291A129DBA2EC0075E1AC /* bubbleAssignmentUITests */ = {
			isa = PBXNativeTarget;
			buildConfigurationList = C8B291B229DBA2EC0075E1AC /* Build configuration list for PBXNativeTarget "bubbleAssignmentUITests" */;
			buildPhases = (
				C8B2919E29DBA2EC0075E1AC /* Sources */,
				C8B2919F29DBA2EC0075E1AC /* Frameworks */,
				C8B291A029DBA2EC0075E1AC /* Resources */,
			);
			buildRules = (
			);
			dependencies = (
				C8B291A429DBA2EC0075E1AC /* PBXTargetDependency */,
			);
			name = bubbleAssignmentUITests;
			productName = bubbleAssignmentUITests;
			productReference = C8B291A229DBA2EC0075E1AC /* bubbleAssignmentUITests.xctest */;
			productType = "com.apple.product-type.bundle.ui-testing";
		};
/* End PBXNativeTarget section */

/* Begin PBXProject section */
		C8B2917A29DBA2EB0075E1AC /* Project object */ = {
			isa = PBXProject;
			attributes = {
				BuildIndependentTargetsInParallel = 1;
				LastSwiftUpdateCheck = 1430;
				LastUpgradeCheck = 1430;
				TargetAttributes = {
					C8B2918129DBA2EB0075E1AC = {
						CreatedOnToolsVersion = 14.3;
					};
					C8B2919729DBA2EC0075E1AC = {
						CreatedOnToolsVersion = 14.3;
						TestTargetID = C8B2918129DBA2EB0075E1AC;
					};
					C8B291A129DBA2EC0075E1AC = {
						CreatedOnToolsVersion = 14.3;
						TestTargetID = C8B2918129DBA2EB0075E1AC;
					};
				};
			};
			buildConfigurationList = C8B2917D29DBA2EB0075E1AC /* Build configuration list for PBXProject "bubbleAssignment" */;
			compatibilityVersion = "Xcode 14.0";
			developmentRegion = en;
			hasScannedForEncodings = 0;
			knownRegions = (
				en,
				Base,
			);
			mainGroup = C8B2917929DBA2EB0075E1AC;
			productRefGroup = C8B2918329DBA2EB0075E1AC /* Products */;
			projectDirPath = "";
			projectRoot = "";
			targets = (
				C8B2918129DBA2EB0075E1AC /* bubbleAssignment */,
				C8B2919729DBA2EC0075E1AC /* bubbleAssignmentTests */,
				C8B291A129DBA2EC0075E1AC /* bubbleAssignmentUITests */,
			);
		};
/* End PBXProject section */

/* Begin PBXResourcesBuildPhase section */
		C8B2918029DBA2EB0075E1AC /* Resources */ = {
			isa = PBXResourcesBuildPhase;
			buildActionMask = 2147483647;
			files = (
				C8B2919229DBA2EC0075E1AC /* LaunchScreen.storyboard in Resources */,
				C8B2918F29DBA2EC0075E1AC /* Assets.xcassets in Resources */,
				C8B2918D29DBA2EB0075E1AC /* Main.storyboard in Resources */,
			);
			runOnlyForDeploymentPostprocessing = 0;
		};
		C8B2919629DBA2EC0075E1AC /* Resources */ = {
			isa = PBXResourcesBuildPhase;
			buildActionMask = 2147483647;
			files = (
			);
			runOnlyForDeploymentPostprocessing = 0;
		};
		C8B291A029DBA2EC0075E1AC /* Resources */ = {
			isa = PBXResourcesBuildPhase;
			buildActionMask = 2147483647;
			files = (
			);
			runOnlyForDeploymentPostprocessing = 0;
		};
/* End PBXResourcesBuildPhase section */

/* Begin PBXSourcesBuildPhase section */
		C8B2917E29DBA2EB0075E1AC /* Sources */ = {
			isa = PBXSourcesBuildPhase;
			buildActionMask = 2147483647;
			files = (
				C83A4AEF2A00F62900E156EF /* GameScore.swift in Sources */,
				C8DE0B6C2A052FCC0041C402 /* ErrorEnums.swift in Sources */,
				C8C26C692A0284B700BBE909 /* HighScoreManager.swift in Sources */,
				C8B2918A29DBA2EB0075E1AC /* ViewController.swift in Sources */,
				C8B291B929DBA43F0075E1AC /* HighScoreViewController.swift in Sources */,
				C8C26C652A0220D600BBE909 /* BubbleManager.swift in Sources */,
				C8B2918629DBA2EB0075E1AC /* AppDelegate.swift in Sources */,
				C8B2918829DBA2EB0075E1AC /* SceneDelegate.swift in Sources */,
				C83A4AED2A00EE1E00E156EF /* Bubble.swift in Sources */,
				C8B291BB29DBA4500075E1AC /* GameViewController.swift in Sources */,
				C8B291B729DBA4330075E1AC /* SettingsViewController.swift in Sources */,
			);
			runOnlyForDeploymentPostprocessing = 0;
		};
		C8B2919429DBA2EC0075E1AC /* Sources */ = {
			isa = PBXSourcesBuildPhase;
			buildActionMask = 2147483647;
			files = (
				C8B2919D29DBA2EC0075E1AC /* bubbleAssignmentTests.swift in Sources */,
			);
			runOnlyForDeploymentPostprocessing = 0;
		};
		C8B2919E29DBA2EC0075E1AC /* Sources */ = {
			isa = PBXSourcesBuildPhase;
			buildActionMask = 2147483647;
			files = (
				C8B291A729DBA2EC0075E1AC /* bubbleAssignmentUITests.swift in Sources */,
				C8B291A929DBA2EC0075E1AC /* bubbleAssignmentUITestsLaunchTests.swift in Sources */,
			);
			runOnlyForDeploymentPostprocessing = 0;
		};
/* End PBXSourcesBuildPhase section */

/* Begin PBXTargetDependency section */
		C8B2919A29DBA2EC0075E1AC /* PBXTargetDependency */ = {
			isa = PBXTargetDependency;
			target = C8B2918129DBA2EB0075E1AC /* bubbleAssignment */;
			targetProxy = C8B2919929DBA2EC0075E1AC /* PBXContainerItemProxy */;
		};
		C8B291A429DBA2EC0075E1AC /* PBXTargetDependency */ = {
			isa = PBXTargetDependency;
			target = C8B2918129DBA2EB0075E1AC /* bubbleAssignment */;
			targetProxy = C8B291A329DBA2EC0075E1AC /* PBXContainerItemProxy */;
		};
/* End PBXTargetDependency section */

/* Begin PBXVariantGroup section */
		C8B2918B29DBA2EB0075E1AC /* Main.storyboard */ = {
			isa = PBXVariantGroup;
			children = (
				C8B2918C29DBA2EB0075E1AC /* Base */,
			);
			name = Main.storyboard;
			sourceTree = "<group>";
		};
		C8B2919029DBA2EC0075E1AC /* LaunchScreen.storyboard */ = {
			isa = PBXVariantGroup;
			children = (
				C8B2919129DBA2EC0075E1AC /* Base */,
			);
			name = LaunchScreen.storyboard;
			sourceTree = "<group>";
		};
/* End PBXVariantGroup section */

/* Begin XCBuildConfiguration section */
		C8B291AA29DBA2EC0075E1AC /* Debug */ = {
			isa = XCBuildConfiguration;
			buildSettings = {
				ALWAYS_SEARCH_USER_PATHS = NO;
				CLANG_ANALYZER_NONNULL = YES;
				CLANG_ANALYZER_NUMBER_OBJECT_CONVERSION = YES_AGGRESSIVE;
				CLANG_CXX_LANGUAGE_STANDARD = "gnu++20";
				CLANG_ENABLE_MODULES = YES;
				CLANG_ENABLE_OBJC_ARC = YES;
				CLANG_ENABLE_OBJC_WEAK = YES;
				CLANG_WARN_BLOCK_CAPTURE_AUTORELEASING = YES;
				CLANG_WARN_BOOL_CONVERSION = YES;
				CLANG_WARN_COMMA = YES;
				CLANG_WARN_CONSTANT_CONVERSION = YES;
				CLANG_WARN_DEPRECATED_OBJC_IMPLEMENTATIONS = YES;
				CLANG_WARN_DIRECT_OBJC_ISA_USAGE = YES_ERROR;
				CLANG_WARN_DOCUMENTATION_COMMENTS = YES;
				CLANG_WARN_EMPTY_BODY = YES;
				CLANG_WARN_ENUM_CONVERSION = YES;
				CLANG_WARN_INFINITE_RECURSION = YES;
				CLANG_WARN_INT_CONVERSION = YES;
				CLANG_WARN_NON_LITERAL_NULL_CONVERSION = YES;
				CLANG_WARN_OBJC_IMPLICIT_RETAIN_SELF = YES;
				CLANG_WARN_OBJC_LITERAL_CONVERSION = YES;
				CLANG_WARN_OBJC_ROOT_CLASS = YES_ERROR;
				CLANG_WARN_QUOTED_INCLUDE_IN_FRAMEWORK_HEADER = YES;
				CLANG_WARN_RANGE_LOOP_ANALYSIS = YES;
				CLANG_WARN_STRICT_PROTOTYPES = YES;
				CLANG_WARN_SUSPICIOUS_MOVE = YES;
				CLANG_WARN_UNGUARDED_AVAILABILITY = YES_AGGRESSIVE;
				CLANG_WARN_UNREACHABLE_CODE = YES;
				CLANG_WARN__DUPLICATE_METHOD_MATCH = YES;
				COPY_PHASE_STRIP = NO;
				DEBUG_INFORMATION_FORMAT = dwarf;
				ENABLE_STRICT_OBJC_MSGSEND = YES;
				ENABLE_TESTABILITY = YES;
				GCC_C_LANGUAGE_STANDARD = gnu11;
				GCC_DYNAMIC_NO_PIC = NO;
				GCC_NO_COMMON_BLOCKS = YES;
				GCC_OPTIMIZATION_LEVEL = 0;
				GCC_PREPROCESSOR_DEFINITIONS = (
					"DEBUG=1",
					"$(inherited)",
				);
				GCC_WARN_64_TO_32_BIT_CONVERSION = YES;
				GCC_WARN_ABOUT_RETURN_TYPE = YES_ERROR;
				GCC_WARN_UNDECLARED_SELECTOR = YES;
				GCC_WARN_UNINITIALIZED_AUTOS = YES_AGGRESSIVE;
				GCC_WARN_UNUSED_FUNCTION = YES;
				GCC_WARN_UNUSED_VARIABLE = YES;
				IPHONEOS_DEPLOYMENT_TARGET = 16.4;
				MTL_ENABLE_DEBUG_INFO = INCLUDE_SOURCE;
				MTL_FAST_MATH = YES;
				ONLY_ACTIVE_ARCH = YES;
				SDKROOT = iphoneos;
				SWIFT_ACTIVE_COMPILATION_CONDITIONS = DEBUG;
				SWIFT_OPTIMIZATION_LEVEL = "-Onone";
			};
			name = Debug;
		};
		C8B291AB29DBA2EC0075E1AC /* Release */ = {
			isa = XCBuildConfiguration;
			buildSettings = {
				ALWAYS_SEARCH_USER_PATHS = NO;
				CLANG_ANALYZER_NONNULL = YES;
				CLANG_ANALYZER_NUMBER_OBJECT_CONVERSION = YES_AGGRESSIVE;
				CLANG_CXX_LANGUAGE_STANDARD = "gnu++20";
				CLANG_ENABLE_MODULES = YES;
				CLANG_ENABLE_OBJC_ARC = YES;
				CLANG_ENABLE_OBJC_WEAK = YES;
				CLANG_WARN_BLOCK_CAPTURE_AUTORELEASING = YES;
				CLANG_WARN_BOOL_CONVERSION = YES;
				CLANG_WARN_COMMA = YES;
				CLANG_WARN_CONSTANT_CONVERSION = YES;
				CLANG_WARN_DEPRECATED_OBJC_IMPLEMENTATIONS = YES;
				CLANG_WARN_DIRECT_OBJC_ISA_USAGE = YES_ERROR;
				CLANG_WARN_DOCUMENTATION_COMMENTS = YES;
				CLANG_WARN_EMPTY_BODY = YES;
				CLANG_WARN_ENUM_CONVERSION = YES;
				CLANG_WARN_INFINITE_RECURSION = YES;
				CLANG_WARN_INT_CONVERSION = YES;
				CLANG_WARN_NON_LITERAL_NULL_CONVERSION = YES;
				CLANG_WARN_OBJC_IMPLICIT_RETAIN_SELF = YES;
				CLANG_WARN_OBJC_LITERAL_CONVERSION = YES;
				CLANG_WARN_OBJC_ROOT_CLASS = YES_ERROR;
				CLANG_WARN_QUOTED_INCLUDE_IN_FRAMEWORK_HEADER = YES;
				CLANG_WARN_RANGE_LOOP_ANALYSIS = YES;
				CLANG_WARN_STRICT_PROTOTYPES = YES;
				CLANG_WARN_SUSPICIOUS_MOVE = YES;
				CLANG_WARN_UNGUARDED_AVAILABILITY = YES_AGGRESSIVE;
				CLANG_WARN_UNREACHABLE_CODE = YES;
				CLANG_WARN__DUPLICATE_METHOD_MATCH = YES;
				COPY_PHASE_STRIP = NO;
				DEBUG_INFORMATION_FORMAT = "dwarf-with-dsym";
				ENABLE_NS_ASSERTIONS = NO;
				ENABLE_STRICT_OBJC_MSGSEND = YES;
				GCC_C_LANGUAGE_STANDARD = gnu11;
				GCC_NO_COMMON_BLOCKS = YES;
				GCC_WARN_64_TO_32_BIT_CONVERSION = YES;
				GCC_WARN_ABOUT_RETURN_TYPE = YES_ERROR;
				GCC_WARN_UNDECLARED_SELECTOR = YES;
				GCC_WARN_UNINITIALIZED_AUTOS = YES_AGGRESSIVE;
				GCC_WARN_UNUSED_FUNCTION = YES;
				GCC_WARN_UNUSED_VARIABLE = YES;
				IPHONEOS_DEPLOYMENT_TARGET = 16.4;
				MTL_ENABLE_DEBUG_INFO = NO;
				MTL_FAST_MATH = YES;
				SDKROOT = iphoneos;
				SWIFT_COMPILATION_MODE = wholemodule;
				SWIFT_OPTIMIZATION_LEVEL = "-O";
				VALIDATE_PRODUCT = YES;
			};
			name = Release;
		};
		C8B291AD29DBA2EC0075E1AC /* Debug */ = {
			isa = XCBuildConfiguration;
			buildSettings = {
				ASSETCATALOG_COMPILER_APPICON_NAME = AppIcon;
				ASSETCATALOG_COMPILER_GLOBAL_ACCENT_COLOR_NAME = AccentColor;
				CODE_SIGN_STYLE = Automatic;
				CURRENT_PROJECT_VERSION = 1;
				DEVELOPMENT_TEAM = K62QAZHQ7Z;
				GENERATE_INFOPLIST_FILE = YES;
				INFOPLIST_FILE = bubbleAssignment/Info.plist;
				INFOPLIST_KEY_UIApplicationSupportsIndirectInputEvents = YES;
				INFOPLIST_KEY_UILaunchStoryboardName = LaunchScreen;
				INFOPLIST_KEY_UIMainStoryboardFile = Main;
				INFOPLIST_KEY_UISupportedInterfaceOrientations_iPad = "UIInterfaceOrientationPortrait UIInterfaceOrientationPortraitUpsideDown UIInterfaceOrientationLandscapeLeft UIInterfaceOrientationLandscapeRight";
				INFOPLIST_KEY_UISupportedInterfaceOrientations_iPhone = "UIInterfaceOrientationPortrait UIInterfaceOrientationLandscapeLeft UIInterfaceOrientationLandscapeRight";
				LD_RUNPATH_SEARCH_PATHS = (
					"$(inherited)",
					"@executable_path/Frameworks",
				);
				MARKETING_VERSION = 1.0;
				PRODUCT_BUNDLE_IDENTIFIER = au.edu.uts.bubbleAssignment;
				PRODUCT_NAME = "$(TARGET_NAME)";
				SWIFT_EMIT_LOC_STRINGS = YES;
				SWIFT_VERSION = 5.0;
				TARGETED_DEVICE_FAMILY = "1,2";
			};
			name = Debug;
		};
		C8B291AE29DBA2EC0075E1AC /* Release */ = {
			isa = XCBuildConfiguration;
			buildSettings = {
				ASSETCATALOG_COMPILER_APPICON_NAME = AppIcon;
				ASSETCATALOG_COMPILER_GLOBAL_ACCENT_COLOR_NAME = AccentColor;
				CODE_SIGN_STYLE = Automatic;
				CURRENT_PROJECT_VERSION = 1;
				DEVELOPMENT_TEAM = K62QAZHQ7Z;
				GENERATE_INFOPLIST_FILE = YES;
				INFOPLIST_FILE = bubbleAssignment/Info.plist;
				INFOPLIST_KEY_UIApplicationSupportsIndirectInputEvents = YES;
				INFOPLIST_KEY_UILaunchStoryboardName = LaunchScreen;
				INFOPLIST_KEY_UIMainStoryboardFile = Main;
				INFOPLIST_KEY_UISupportedInterfaceOrientations_iPad = "UIInterfaceOrientationPortrait UIInterfaceOrientationPortraitUpsideDown UIInterfaceOrientationLandscapeLeft UIInterfaceOrientationLandscapeRight";
				INFOPLIST_KEY_UISupportedInterfaceOrientations_iPhone = "UIInterfaceOrientationPortrait UIInterfaceOrientationLandscapeLeft UIInterfaceOrientationLandscapeRight";
				LD_RUNPATH_SEARCH_PATHS = (
					"$(inherited)",
					"@executable_path/Frameworks",
				);
				MARKETING_VERSION = 1.0;
				PRODUCT_BUNDLE_IDENTIFIER = au.edu.uts.bubbleAssignment;
				PRODUCT_NAME = "$(TARGET_NAME)";
				SWIFT_EMIT_LOC_STRINGS = YES;
				SWIFT_VERSION = 5.0;
				TARGETED_DEVICE_FAMILY = "1,2";
			};
			name = Release;
		};
		C8B291B029DBA2EC0075E1AC /* Debug */ = {
			isa = XCBuildConfiguration;
			buildSettings = {
				ALWAYS_EMBED_SWIFT_STANDARD_LIBRARIES = YES;
				BUNDLE_LOADER = "$(TEST_HOST)";
				CODE_SIGN_STYLE = Automatic;
				CURRENT_PROJECT_VERSION = 1;
				DEVELOPMENT_TEAM = K62QAZHQ7Z;
				GENERATE_INFOPLIST_FILE = YES;
				IPHONEOS_DEPLOYMENT_TARGET = 16.4;
				MARKETING_VERSION = 1.0;
				PRODUCT_BUNDLE_IDENTIFIER = au.edu.uts.bubbleAssignmentTests;
				PRODUCT_NAME = "$(TARGET_NAME)";
				SWIFT_EMIT_LOC_STRINGS = NO;
				SWIFT_VERSION = 5.0;
				TARGETED_DEVICE_FAMILY = "1,2";
				TEST_HOST = "$(BUILT_PRODUCTS_DIR)/bubbleAssignment.app/$(BUNDLE_EXECUTABLE_FOLDER_PATH)/bubbleAssignment";
			};
			name = Debug;
		};
		C8B291B129DBA2EC0075E1AC /* Release */ = {
			isa = XCBuildConfiguration;
			buildSettings = {
				ALWAYS_EMBED_SWIFT_STANDARD_LIBRARIES = YES;
				BUNDLE_LOADER = "$(TEST_HOST)";
				CODE_SIGN_STYLE = Automatic;
				CURRENT_PROJECT_VERSION = 1;
				DEVELOPMENT_TEAM = K62QAZHQ7Z;
				GENERATE_INFOPLIST_FILE = YES;
				IPHONEOS_DEPLOYMENT_TARGET = 16.4;
				MARKETING_VERSION = 1.0;
				PRODUCT_BUNDLE_IDENTIFIER = au.edu.uts.bubbleAssignmentTests;
				PRODUCT_NAME = "$(TARGET_NAME)";
				SWIFT_EMIT_LOC_STRINGS = NO;
				SWIFT_VERSION = 5.0;
				TARGETED_DEVICE_FAMILY = "1,2";
				TEST_HOST = "$(BUILT_PRODUCTS_DIR)/bubbleAssignment.app/$(BUNDLE_EXECUTABLE_FOLDER_PATH)/bubbleAssignment";
			};
			name = Release;
		};
		C8B291B329DBA2EC0075E1AC /* Debug */ = {
			isa = XCBuildConfiguration;
			buildSettings = {
				ALWAYS_EMBED_SWIFT_STANDARD_LIBRARIES = YES;
				CODE_SIGN_STYLE = Automatic;
				CURRENT_PROJECT_VERSION = 1;
				DEVELOPMENT_TEAM = K62QAZHQ7Z;
				GENERATE_INFOPLIST_FILE = YES;
				MARKETING_VERSION = 1.0;
				PRODUCT_BUNDLE_IDENTIFIER = au.edu.uts.bubbleAssignmentUITests;
				PRODUCT_NAME = "$(TARGET_NAME)";
				SWIFT_EMIT_LOC_STRINGS = NO;
				SWIFT_VERSION = 5.0;
				TARGETED_DEVICE_FAMILY = "1,2";
				TEST_TARGET_NAME = bubbleAssignment;
			};
			name = Debug;
		};
		C8B291B429DBA2EC0075E1AC /* Release */ = {
			isa = XCBuildConfiguration;
			buildSettings = {
				ALWAYS_EMBED_SWIFT_STANDARD_LIBRARIES = YES;
				CODE_SIGN_STYLE = Automatic;
				CURRENT_PROJECT_VERSION = 1;
				DEVELOPMENT_TEAM = K62QAZHQ7Z;
				GENERATE_INFOPLIST_FILE = YES;
				MARKETING_VERSION = 1.0;
				PRODUCT_BUNDLE_IDENTIFIER = au.edu.uts.bubbleAssignmentUITests;
				PRODUCT_NAME = "$(TARGET_NAME)";
				SWIFT_EMIT_LOC_STRINGS = NO;
				SWIFT_VERSION = 5.0;
				TARGETED_DEVICE_FAMILY = "1,2";
				TEST_TARGET_NAME = bubbleAssignment;
			};
			name = Release;
		};
/* End XCBuildConfiguration section */

/* Begin XCConfigurationList section */
		C8B2917D29DBA2EB0075E1AC /* Build configuration list for PBXProject "bubbleAssignment" */ = {
			isa = XCConfigurationList;
			buildConfigurations = (
				C8B291AA29DBA2EC0075E1AC /* Debug */,
				C8B291AB29DBA2EC0075E1AC /* Release */,
			);
			defaultConfigurationIsVisible = 0;
			defaultConfigurationName = Release;
		};
		C8B291AC29DBA2EC0075E1AC /* Build configuration list for PBXNativeTarget "bubbleAssignment" */ = {
			isa = XCConfigurationList;
			buildConfigurations = (
				C8B291AD29DBA2EC0075E1AC /* Debug */,
				C8B291AE29DBA2EC0075E1AC /* Release */,
			);
			defaultConfigurationIsVisible = 0;
			defaultConfigurationName = Release;
		};
		C8B291AF29DBA2EC0075E1AC /* Build configuration list for PBXNativeTarget "bubbleAssignmentTests" */ = {
			isa = XCConfigurationList;
			buildConfigurations = (
				C8B291B029DBA2EC0075E1AC /* Debug */,
				C8B291B129DBA2EC0075E1AC /* Release */,
			);
			defaultConfigurationIsVisible = 0;
			defaultConfigurationName = Release;
		};
		C8B291B229DBA2EC0075E1AC /* Build configuration list for PBXNativeTarget "bubbleAssignmentUITests" */ = {
			isa = XCConfigurationList;
			buildConfigurations = (
				C8B291B329DBA2EC0075E1AC /* Debug */,
				C8B291B429DBA2EC0075E1AC /* Release */,
			);
			defaultConfigurationIsVisible = 0;
			defaultConfigurationName = Release;
		};
/* End XCConfigurationList section */
	};
	rootObject = C8B2917A29DBA2EB0075E1AC /* Project object */;
}
